
Microsoft Visual Studio Solution File, Format Version 12.00
# Visual Studio Version 17
VisualStudioVersion = 17.0.32112.339
MinimumVisualStudioVersion = 10.0.40219.1
Project("{FAE04EC0-301F-11D3-BF4B-00C04F79EFBC}") = "calculo_sexo", "calculo_sexo\calculo_sexo.csproj", "{F2AB79A9-6A99-4980-B6D3-507496554A1A}"
EndProject
Global
	GlobalSection(SolutionConfigurationPlatforms) = preSolution
		Debug|Any CPU = Debug|Any CPU
		Release|Any CPU = Release|Any CPU
	EndGlobalSection
	GlobalSection(ProjectConfigurationPlatforms) = postSolution
		{F2AB79A9-6A99-4980-B6D3-507496554A1A}.Debug|Any CPU.ActiveCfg = Debug|Any CPU
		{F2AB79A9-6A99-4980-B6D3-507496554A1A}.Debug|Any CPU.Build.0 = Debug|Any CPU
		{F2AB79A9-6A99-4980-B6D3-507496554A1A}.Release|Any CPU.ActiveCfg = Release|Any CPU
		{F2AB79A9-6A99-4980-B6D3-507496554A1A}.Release|Any CPU.Build.0 = Release|Any CPU
	EndGlobalSection
	GlobalSection(SolutionProperties) = preSolution
		HideSolutionNode = FALSE
	EndGlobalSection
	GlobalSection(ExtensibilityGlobals) = postSolution
		SolutionGuid = {A8AD17D9-59C0-4F33-BBF4-CF592B4311FB}
	EndGlobalSection
EndGlobal
