
Microsoft Visual Studio Solution File, Format Version 12.00
# Visual Studio Version 17
VisualStudioVersion = 17.0.32112.339
MinimumVisualStudioVersion = 10.0.40219.1
Project("{FAE04EC0-301F-11D3-BF4B-00C04F79EFBC}") = "idade_em_dias", "idade_em_dias\idade_em_dias.csproj", "{870EDED8-7CAA-4481-B7C7-EFD997CA0B8E}"
EndProject
Global
	GlobalSection(SolutionConfigurationPlatforms) = preSolution
		Debug|Any CPU = Debug|Any CPU
		Release|Any CPU = Release|Any CPU
	EndGlobalSection
	GlobalSection(ProjectConfigurationPlatforms) = postSolution
		{870EDED8-7CAA-4481-B7C7-EFD997CA0B8E}.Debug|Any CPU.ActiveCfg = Debug|Any CPU
		{870EDED8-7CAA-4481-B7C7-EFD997CA0B8E}.Debug|Any CPU.Build.0 = Debug|Any CPU
		{870EDED8-7CAA-4481-B7C7-EFD997CA0B8E}.Release|Any CPU.ActiveCfg = Release|Any CPU
		{870EDED8-7CAA-4481-B7C7-EFD997CA0B8E}.Release|Any CPU.Build.0 = Release|Any CPU
	EndGlobalSection
	GlobalSection(SolutionProperties) = preSolution
		HideSolutionNode = FALSE
	EndGlobalSection
	GlobalSection(ExtensibilityGlobals) = postSolution
		SolutionGuid = {1659A85C-8744-435C-9777-6CA3AAEE0035}
	EndGlobalSection
EndGlobal
