
Microsoft Visual Studio Solution File, Format Version 12.00
# Visual Studio Version 17
VisualStudioVersion = 17.0.32112.339
MinimumVisualStudioVersion = 10.0.40219.1
Project("{FAE04EC0-301F-11D3-BF4B-00C04F79EFBC}") = "renda_familiar", "renda_familiar\renda_familiar.csproj", "{78C72319-46FC-4C4D-8498-FB812909F610}"
EndProject
Global
	GlobalSection(SolutionConfigurationPlatforms) = preSolution
		Debug|Any CPU = Debug|Any CPU
		Release|Any CPU = Release|Any CPU
	EndGlobalSection
	GlobalSection(ProjectConfigurationPlatforms) = postSolution
		{78C72319-46FC-4C4D-8498-FB812909F610}.Debug|Any CPU.ActiveCfg = Debug|Any CPU
		{78C72319-46FC-4C4D-8498-FB812909F610}.Debug|Any CPU.Build.0 = Debug|Any CPU
		{78C72319-46FC-4C4D-8498-FB812909F610}.Release|Any CPU.ActiveCfg = Release|Any CPU
		{78C72319-46FC-4C4D-8498-FB812909F610}.Release|Any CPU.Build.0 = Release|Any CPU
	EndGlobalSection
	GlobalSection(SolutionProperties) = preSolution
		HideSolutionNode = FALSE
	EndGlobalSection
	GlobalSection(ExtensibilityGlobals) = postSolution
		SolutionGuid = {226BDA13-FEE1-4549-9A9F-203529750D0C}
	EndGlobalSection
EndGlobal
