
Microsoft Visual Studio Solution File, Format Version 12.00
# Visual Studio Version 17
VisualStudioVersion = 17.0.32112.339
MinimumVisualStudioVersion = 10.0.40219.1
Project("{FAE04EC0-301F-11D3-BF4B-00C04F79EFBC}") = "salario_vendedor", "salario_vendedor\salario_vendedor.csproj", "{C1D1B153-024E-4237-98E6-C37ECCB6B013}"
EndProject
Global
	GlobalSection(SolutionConfigurationPlatforms) = preSolution
		Debug|Any CPU = Debug|Any CPU
		Release|Any CPU = Release|Any CPU
	EndGlobalSection
	GlobalSection(ProjectConfigurationPlatforms) = postSolution
		{C1D1B153-024E-4237-98E6-C37ECCB6B013}.Debug|Any CPU.ActiveCfg = Debug|Any CPU
		{C1D1B153-024E-4237-98E6-C37ECCB6B013}.Debug|Any CPU.Build.0 = Debug|Any CPU
		{C1D1B153-024E-4237-98E6-C37ECCB6B013}.Release|Any CPU.ActiveCfg = Release|Any CPU
		{C1D1B153-024E-4237-98E6-C37ECCB6B013}.Release|Any CPU.Build.0 = Release|Any CPU
	EndGlobalSection
	GlobalSection(SolutionProperties) = preSolution
		HideSolutionNode = FALSE
	EndGlobalSection
	GlobalSection(ExtensibilityGlobals) = postSolution
		SolutionGuid = {FA8E7B76-BC95-472A-85BB-55CEBF04CDEC}
	EndGlobalSection
EndGlobal
