
Microsoft Visual Studio Solution File, Format Version 12.00
# Visual Studio Version 17
VisualStudioVersion = 17.0.32112.339
MinimumVisualStudioVersion = 10.0.40219.1
Project("{FAE04EC0-301F-11D3-BF4B-00C04F79EFBC}") = "imposto_renda", "imposto_renda\imposto_renda.csproj", "{BCA4F9B8-3323-496D-BDAF-5A53D367A59E}"
EndProject
Global
	GlobalSection(SolutionConfigurationPlatforms) = preSolution
		Debug|Any CPU = Debug|Any CPU
		Release|Any CPU = Release|Any CPU
	EndGlobalSection
	GlobalSection(ProjectConfigurationPlatforms) = postSolution
		{BCA4F9B8-3323-496D-BDAF-5A53D367A59E}.Debug|Any CPU.ActiveCfg = Debug|Any CPU
		{BCA4F9B8-3323-496D-BDAF-5A53D367A59E}.Debug|Any CPU.Build.0 = Debug|Any CPU
		{BCA4F9B8-3323-496D-BDAF-5A53D367A59E}.Release|Any CPU.ActiveCfg = Release|Any CPU
		{BCA4F9B8-3323-496D-BDAF-5A53D367A59E}.Release|Any CPU.Build.0 = Release|Any CPU
	EndGlobalSection
	GlobalSection(SolutionProperties) = preSolution
		HideSolutionNode = FALSE
	EndGlobalSection
	GlobalSection(ExtensibilityGlobals) = postSolution
		SolutionGuid = {6120FB9F-7B41-4AF6-9E2E-854A1332799F}
	EndGlobalSection
EndGlobal
