
Microsoft Visual Studio Solution File, Format Version 12.00
# Visual Studio Version 17
VisualStudioVersion = 17.0.32112.339
MinimumVisualStudioVersion = 10.0.40219.1
Project("{FAE04EC0-301F-11D3-BF4B-00C04F79EFBC}") = "calculadora", "calculadora\calculadora.csproj", "{2D65508C-2E90-4791-AB3A-C6860B55C69B}"
EndProject
Global
	GlobalSection(SolutionConfigurationPlatforms) = preSolution
		Debug|Any CPU = Debug|Any CPU
		Release|Any CPU = Release|Any CPU
	EndGlobalSection
	GlobalSection(ProjectConfigurationPlatforms) = postSolution
		{2D65508C-2E90-4791-AB3A-C6860B55C69B}.Debug|Any CPU.ActiveCfg = Debug|Any CPU
		{2D65508C-2E90-4791-AB3A-C6860B55C69B}.Debug|Any CPU.Build.0 = Debug|Any CPU
		{2D65508C-2E90-4791-AB3A-C6860B55C69B}.Release|Any CPU.ActiveCfg = Release|Any CPU
		{2D65508C-2E90-4791-AB3A-C6860B55C69B}.Release|Any CPU.Build.0 = Release|Any CPU
	EndGlobalSection
	GlobalSection(SolutionProperties) = preSolution
		HideSolutionNode = FALSE
	EndGlobalSection
	GlobalSection(ExtensibilityGlobals) = postSolution
		SolutionGuid = {4DF7560D-6310-45C7-8A5D-9D37AE3E2833}
	EndGlobalSection
EndGlobal
