
Microsoft Visual Studio Solution File, Format Version 12.00
# Visual Studio Version 17
VisualStudioVersion = 17.0.32112.339
MinimumVisualStudioVersion = 10.0.40219.1
Project("{FAE04EC0-301F-11D3-BF4B-00C04F79EFBC}") = "qualificacao_aposentadoria", "qualificacao_aposentadoria\qualificacao_aposentadoria.csproj", "{BF5E7ADC-A05F-47D5-A6FB-14EB39F384F6}"
EndProject
Global
	GlobalSection(SolutionConfigurationPlatforms) = preSolution
		Debug|Any CPU = Debug|Any CPU
		Release|Any CPU = Release|Any CPU
	EndGlobalSection
	GlobalSection(ProjectConfigurationPlatforms) = postSolution
		{BF5E7ADC-A05F-47D5-A6FB-14EB39F384F6}.Debug|Any CPU.ActiveCfg = Debug|Any CPU
		{BF5E7ADC-A05F-47D5-A6FB-14EB39F384F6}.Debug|Any CPU.Build.0 = Debug|Any CPU
		{BF5E7ADC-A05F-47D5-A6FB-14EB39F384F6}.Release|Any CPU.ActiveCfg = Release|Any CPU
		{BF5E7ADC-A05F-47D5-A6FB-14EB39F384F6}.Release|Any CPU.Build.0 = Release|Any CPU
	EndGlobalSection
	GlobalSection(SolutionProperties) = preSolution
		HideSolutionNode = FALSE
	EndGlobalSection
	GlobalSection(ExtensibilityGlobals) = postSolution
		SolutionGuid = {FA4F187F-F7F0-481F-8D72-127DBBBD4547}
	EndGlobalSection
EndGlobal
